
Microsoft Visual Studio Solution File, Format Version 12.00
# Visual Studio Version 16
VisualStudioVersion = 16.0.30428.66
MinimumVisualStudioVersion = 10.0.40219.1
Project("{9A19103F-16F7-4668-BE54-9A1E7A4F7556}") = "Primus.NET.Example", "Primus.NET.Example\Primus.NET.Example.csproj", "{98C723CE-78B3-44CE-BB72-0D9AEAD25FF9}"
EndProject
Project("{FAE04EC0-301F-11D3-BF4B-00C04F79EFBC}") = "Primus.NET", "Primus.NET\Primus.NET.csproj", "{6580070C-72CB-42A8-A3B4-21259E298A79}"
EndProject
Global
	GlobalSection(SolutionConfigurationPlatforms) = preSolution
		Debug|Any CPU = Debug|Any CPU
		Release|Any CPU = Release|Any CPU
	EndGlobalSection
	GlobalSection(ProjectConfigurationPlatforms) = postSolution
		{98C723CE-78B3-44CE-BB72-0D9AEAD25FF9}.Debug|Any CPU.ActiveCfg = Debug|Any CPU
		{98C723CE-78B3-44CE-BB72-0D9AEAD25FF9}.Debug|Any CPU.Build.0 = Debug|Any CPU
		{98C723CE-78B3-44CE-BB72-0D9AEAD25FF9}.Release|Any CPU.ActiveCfg = Release|Any CPU
		{98C723CE-78B3-44CE-BB72-0D9AEAD25FF9}.Release|Any CPU.Build.0 = Release|Any CPU
		{6580070C-72CB-42A8-A3B4-21259E298A79}.Debug|Any CPU.ActiveCfg = Debug|Any CPU
		{6580070C-72CB-42A8-A3B4-21259E298A79}.Debug|Any CPU.Build.0 = Debug|Any CPU
		{6580070C-72CB-42A8-A3B4-21259E298A79}.Release|Any CPU.ActiveCfg = Release|Any CPU
		{6580070C-72CB-42A8-A3B4-21259E298A79}.Release|Any CPU.Build.0 = Release|Any CPU
	EndGlobalSection
	GlobalSection(SolutionProperties) = preSolution
		HideSolutionNode = FALSE
	EndGlobalSection
	GlobalSection(ExtensibilityGlobals) = postSolution
		SolutionGuid = {AA83F3A9-B8AA-416F-BA90-71CC1EE30152}
	EndGlobalSection
EndGlobal
